// !$*UTF8*$!
{
	archiveVersion = 1;
	classes = {
	};
	objectVersion = 46;
	objects = {

/* Begin PBXBuildFile section */
		26F2E5ED1A920B340024B4C7 /* AppDelegate.swift in Sources */ = {isa = PBXBuildFile; fileRef = 26F2E5EC1A920B340024B4C7 /* AppDelegate.swift */; };
		26F2E5EF1A920B340024B4C7 /* ViewController.swift in Sources */ = {isa = PBXBuildFile; fileRef = 26F2E5EE1A920B340024B4C7 /* ViewController.swift */; };
		26F2E5F21A920B340024B4C7 /* Main.storyboard in Resources */ = {isa = PBXBuildFile; fileRef = 26F2E5F01A920B340024B4C7 /* Main.storyboard */; };
		26F2E5F41A920B340024B4C7 /* Images.xcassets in Resources */ = {isa = PBXBuildFile; fileRef = 26F2E5F31A920B340024B4C7 /* Images.xcassets */; };
		26F2E5F71A920B340024B4C7 /* LaunchScreen.xib in Resources */ = {isa = PBXBuildFile; fileRef = 26F2E5F51A920B340024B4C7 /* LaunchScreen.xib */; };
		26F2E6031A920B350024B4C7 /* TableviewCellsTests.swift in Sources */ = {isa = PBXBuildFile; fileRef = 26F2E6021A920B350024B4C7 /* TableviewCellsTests.swift */; };
/* End PBXBuildFile section */

/* Begin PBXContainerItemProxy section */
		26F2E5FD1A920B350024B4C7 /* PBXContainerItemProxy */ = {
			isa = PBXContainerItemProxy;
			containerPortal = 26F2E5DF1A920B340024B4C7 /* Project object */;
			proxyType = 1;
			remoteGlobalIDString = 26F2E5E61A920B340024B4C7;
			remoteInfo = TableviewCells;
		};
/* End PBXContainerItemProxy section */

/* Begin PBXFileReference section */
		26F2E5E71A920B340024B4C7 /* TableviewCells.app */ = {isa = PBXFileReference; explicitFileType = wrapper.application; includeInIndex = 0; path = TableviewCells.app; sourceTree = BUILT_PRODUCTS_DIR; };
		26F2E5EB1A920B340024B4C7 /* Info.plist */ = {isa = PBXFileReference; lastKnownFileType = text.plist.xml; path = Info.plist; sourceTree = "<group>"; };
		26F2E5EC1A920B340024B4C7 /* AppDelegate.swift */ = {isa = PBXFileReference; lastKnownFileType = sourcecode.swift; path = AppDelegate.swift; sourceTree = "<group>"; };
		26F2E5EE1A920B340024B4C7 /* ViewController.swift */ = {isa = PBXFileReference; lastKnownFileType = sourcecode.swift; path = ViewController.swift; sourceTree = "<group>"; };
		26F2E5F11A920B340024B4C7 /* Base */ = {isa = PBXFileReference; lastKnownFileType = file.storyboard; name = Base; path = Base.lproj/Main.storyboard; sourceTree = "<group>"; };
		26F2E5F31A920B340024B4C7 /* Images.xcassets */ = {isa = PBXFileReference; lastKnownFileType = folder.assetcatalog; path = Images.xcassets; sourceTree = "<group>"; };
		26F2E5F61A920B340024B4C7 /* Base */ = {isa = PBXFileReference; lastKnownFileType = file.xib; name = Base; path = Base.lproj/LaunchScreen.xib; sourceTree = "<group>"; };
		26F2E5FC1A920B350024B4C7 /* TableviewCellsTests.xctest */ = {isa = PBXFileReference; explicitFileType = wrapper.cfbundle; includeInIndex = 0; path = TableviewCellsTests.xctest; sourceTree = BUILT_PRODUCTS_DIR; };
		26F2E6011A920B350024B4C7 /* Info.plist */ = {isa = PBXFileReference; lastKnownFileType = text.plist.xml; path = Info.plist; sourceTree = "<group>"; };
		26F2E6021A920B350024B4C7 /* TableviewCellsTests.swift */ = {isa = PBXFileReference; lastKnownFileType = sourcecode.swift; path = TableviewCellsTests.swift; sourceTree = "<group>"; };
/* End PBXFileReference section */

/* Begin PBXFrameworksBuildPhase section */
		26F2E5E41A920B340024B4C7 /* Frameworks */ = {
			isa = PBXFrameworksBuildPhase;
			buildActionMask = 2147483647;
			files = (
			);
			runOnlyForDeploymentPostprocessing = 0;
		};
		26F2E5F91A920B340024B4C7 /* Frameworks */ = {
			isa = PBXFrameworksBuildPhase;
			buildActionMask = 2147483647;
			files = (
			);
			runOnlyForDeploymentPostprocessing = 0;
		};
/* End PBXFrameworksBuildPhase section */

/* Begin PBXGroup section */
		26F2E5DE1A920B340024B4C7 = {
			isa = PBXGroup;
			children = (
				26F2E5E91A920B340024B4C7 /* TableviewCells */,
				26F2E5FF1A920B350024B4C7 /* TableviewCellsTests */,
				26F2E5E81A920B340024B4C7 /* Products */,
			);
			sourceTree = "<group>";
		};
		26F2E5E81A920B340024B4C7 /* Products */ = {
			isa = PBXGroup;
			children = (
				26F2E5E71A920B340024B4C7 /* TableviewCells.app */,
				26F2E5FC1A920B350024B4C7 /* TableviewCellsTests.xctest */,
			);
			name = Products;
			sourceTree = "<group>";
		};
		26F2E5E91A920B340024B4C7 /* TableviewCells */ = {
			isa = PBXGroup;
			children = (
				26F2E5EC1A920B340024B4C7 /* AppDelegate.swift */,
				26F2E5EE1A920B340024B4C7 /* ViewController.swift */,
				26F2E5F01A920B340024B4C7 /* Main.storyboard */,
				26F2E5F31A920B340024B4C7 /* Images.xcassets */,
				26F2E5F51A920B340024B4C7 /* LaunchScreen.xib */,
				26F2E5EA1A920B340024B4C7 /* Supporting Files */,
			);
			path = TableviewCells;
			sourceTree = "<group>";
		};
		26F2E5EA1A920B340024B4C7 /* Supporting Files */ = {
			isa = PBXGroup;
			children = (
				26F2E5EB1A920B340024B4C7 /* Info.plist */,
			);
			name = "Supporting Files";
			sourceTree = "<group>";
		};
		26F2E5FF1A920B350024B4C7 /* TableviewCellsTests */ = {
			isa = PBXGroup;
			children = (
				26F2E6021A920B350024B4C7 /* TableviewCellsTests.swift */,
				26F2E6001A920B350024B4C7 /* Supporting Files */,
			);
			path = TableviewCellsTests;
			sourceTree = "<group>";
		};
		26F2E6001A920B350024B4C7 /* Supporting Files */ = {
			isa = PBXGroup;
			children = (
				26F2E6011A920B350024B4C7 /* Info.plist */,
			);
			name = "Supporting Files";
			sourceTree = "<group>";
		};
/* End PBXGroup section */

/* Begin PBXNativeTarget section */
		26F2E5E61A920B340024B4C7 /* TableviewCells */ = {
			isa = PBXNativeTarget;
			buildConfigurationList = 26F2E6061A920B350024B4C7 /* Build configuration list for PBXNativeTarget "TableviewCells" */;
			buildPhases = (
				26F2E5E31A920B340024B4C7 /* Sources */,
				26F2E5E41A920B340024B4C7 /* Frameworks */,
				26F2E5E51A920B340024B4C7 /* Resources */,
			);
			buildRules = (
			);
			dependencies = (
			);
			name = TableviewCells;
			productName = TableviewCells;
			productReference = 26F2E5E71A920B340024B4C7 /* TableviewCells.app */;
			productType = "com.apple.product-type.application";
		};
		26F2E5FB1A920B340024B4C7 /* TableviewCellsTests */ = {
			isa = PBXNativeTarget;
			buildConfigurationList = 26F2E6091A920B350024B4C7 /* Build configuration list for PBXNativeTarget "TableviewCellsTests" */;
			buildPhases = (
				26F2E5F81A920B340024B4C7 /* Sources */,
				26F2E5F91A920B340024B4C7 /* Frameworks */,
				26F2E5FA1A920B340024B4C7 /* Resources */,
			);
			buildRules = (
			);
			dependencies = (
				26F2E5FE1A920B350024B4C7 /* PBXTargetDependency */,
			);
			name = TableviewCellsTests;
			productName = TableviewCellsTests;
			productReference = 26F2E5FC1A920B350024B4C7 /* TableviewCellsTests.xctest */;
			productType = "com.apple.product-type.bundle.unit-test";
		};
/* End PBXNativeTarget section */

/* Begin PBXProject section */
		26F2E5DF1A920B340024B4C7 /* Project object */ = {
			isa = PBXProject;
			attributes = {
				LastUpgradeCheck = 0610;
				ORGANIZATIONNAME = shg;
				TargetAttributes = {
					26F2E5E61A920B340024B4C7 = {
						CreatedOnToolsVersion = 6.1.1;
					};
					26F2E5FB1A920B340024B4C7 = {
						CreatedOnToolsVersion = 6.1.1;
						TestTargetID = 26F2E5E61A920B340024B4C7;
					};
				};
			};
			buildConfigurationList = 26F2E5E21A920B340024B4C7 /* Build configuration list for PBXProject "TableviewCells" */;
			compatibilityVersion = "Xcode 3.2";
			developmentRegion = English;
			hasScannedForEncodings = 0;
			knownRegions = (
				en,
				Base,
			);
			mainGroup = 26F2E5DE1A920B340024B4C7;
			productRefGroup = 26F2E5E81A920B340024B4C7 /* Products */;
			projectDirPath = "";
			projectRoot = "";
			targets = (
				26F2E5E61A920B340024B4C7 /* TableviewCells */,
				26F2E5FB1A920B340024B4C7 /* TableviewCellsTests */,
			);
		};
/* End PBXProject section */

/* Begin PBXResourcesBuildPhase section */
		26F2E5E51A920B340024B4C7 /* Resources */ = {
			isa = PBXResourcesBuildPhase;
			buildActionMask = 2147483647;
			files = (
				26F2E5F21A920B340024B4C7 /* Main.storyboard in Resources */,
				26F2E5F71A920B340024B4C7 /* LaunchScreen.xib in Resources */,
				26F2E5F41A920B340024B4C7 /* Images.xcassets in Resources */,
			);
			runOnlyForDeploymentPostprocessing = 0;
		};
		26F2E5FA1A920B340024B4C7 /* Resources */ = {
			isa = PBXResourcesBuildPhase;
			buildActionMask = 2147483647;
			files = (
			);
			runOnlyForDeploymentPostprocessing = 0;
		};
/* End PBXResourcesBuildPhase section */

/* Begin PBXSourcesBuildPhase section */
		26F2E5E31A920B340024B4C7 /* Sources */ = {
			isa = PBXSourcesBuildPhase;
			buildActionMask = 2147483647;
			files = (
				26F2E5EF1A920B340024B4C7 /* ViewController.swift in Sources */,
				26F2E5ED1A920B340024B4C7 /* AppDelegate.swift in Sources */,
			);
			runOnlyForDeploymentPostprocessing = 0;
		};
		26F2E5F81A920B340024B4C7 /* Sources */ = {
			isa = PBXSourcesBuildPhase;
			buildActionMask = 2147483647;
			files = (
				26F2E6031A920B350024B4C7 /* TableviewCellsTests.swift in Sources */,
			);
			runOnlyForDeploymentPostprocessing = 0;
		};
/* End PBXSourcesBuildPhase section */

/* Begin PBXTargetDependency section */
		26F2E5FE1A920B350024B4C7 /* PBXTargetDependency */ = {
			isa = PBXTargetDependency;
			target = 26F2E5E61A920B340024B4C7 /* TableviewCells */;
			targetProxy = 26F2E5FD1A920B350024B4C7 /* PBXContainerItemProxy */;
		};
/* End PBXTargetDependency section */

/* Begin PBXVariantGroup section */
		26F2E5F01A920B340024B4C7 /* Main.storyboard */ = {
			isa = PBXVariantGroup;
			children = (
				26F2E5F11A920B340024B4C7 /* Base */,
			);
			name = Main.storyboard;
			sourceTree = "<group>";
		};
		26F2E5F51A920B340024B4C7 /* LaunchScreen.xib */ = {
			isa = PBXVariantGroup;
			children = (
				26F2E5F61A920B340024B4C7 /* Base */,
			);
			name = LaunchScreen.xib;
			sourceTree = "<group>";
		};
/* End PBXVariantGroup section */

/* Begin XCBuildConfiguration section */
		26F2E6041A920B350024B4C7 /* Debug */ = {
			isa = XCBuildConfiguration;
			buildSettings = {
				ALWAYS_SEARCH_USER_PATHS = NO;
				CLANG_CXX_LANGUAGE_STANDARD = "gnu++0x";
				CLANG_CXX_LIBRARY = "libc++";
				CLANG_ENABLE_MODULES = YES;
				CLANG_ENABLE_OBJC_ARC = YES;
				CLANG_WARN_BOOL_CONVERSION = YES;
				CLANG_WARN_CONSTANT_CONVERSION = YES;
				CLANG_WARN_DIRECT_OBJC_ISA_USAGE = YES_ERROR;
				CLANG_WARN_EMPTY_BODY = YES;
				CLANG_WARN_ENUM_CONVERSION = YES;
				CLANG_WARN_INT_CONVERSION = YES;
				CLANG_WARN_OBJC_ROOT_CLASS = YES_ERROR;
				CLANG_WARN_UNREACHABLE_CODE = YES;
				CLANG_WARN__DUPLICATE_METHOD_MATCH = YES;
				"CODE_SIGN_IDENTITY[sdk=iphoneos*]" = "iPhone Developer";
				COPY_PHASE_STRIP = NO;
				ENABLE_STRICT_OBJC_MSGSEND = YES;
				GCC_C_LANGUAGE_STANDARD = gnu99;
				GCC_DYNAMIC_NO_PIC = NO;
				GCC_OPTIMIZATION_LEVEL = 0;
				GCC_PREPROCESSOR_DEFINITIONS = (
					"DEBUG=1",
					"$(inherited)",
				);
				GCC_SYMBOLS_PRIVATE_EXTERN = NO;
				GCC_WARN_64_TO_32_BIT_CONVERSION = YES;
				GCC_WARN_ABOUT_RETURN_TYPE = YES_ERROR;
				GCC_WARN_UNDECLARED_SELECTOR = YES;
				GCC_WARN_UNINITIALIZED_AUTOS = YES_AGGRESSIVE;
				GCC_WARN_UNUSED_FUNCTION = YES;
				GCC_WARN_UNUSED_VARIABLE = YES;
				IPHONEOS_DEPLOYMENT_TARGET = 8.1;
				MTL_ENABLE_DEBUG_INFO = YES;
				ONLY_ACTIVE_ARCH = YES;
				SDKROOT = iphoneos;
				SWIFT_OPTIMIZATION_LEVEL = "-Onone";
			};
			name = Debug;
		};
		26F2E6051A920B350024B4C7 /* Release */ = {
			isa = XCBuildConfiguration;
			buildSettings = {
				ALWAYS_SEARCH_USER_PATHS = NO;
				CLANG_CXX_LANGUAGE_STANDARD = "gnu++0x";
				CLANG_CXX_LIBRARY = "libc++";
				CLANG_ENABLE_MODULES = YES;
				CLANG_ENABLE_OBJC_ARC = YES;
				CLANG_WARN_BOOL_CONVERSION = YES;
				CLANG_WARN_CONSTANT_CONVERSION = YES;
				CLANG_WARN_DIRECT_OBJC_ISA_USAGE = YES_ERROR;
				CLANG_WARN_EMPTY_BODY = YES;
				CLANG_WARN_ENUM_CONVERSION = YES;
				CLANG_WARN_INT_CONVERSION = YES;
				CLANG_WARN_OBJC_ROOT_CLASS = YES_ERROR;
				CLANG_WARN_UNREACHABLE_CODE = YES;
				CLANG_WARN__DUPLICATE_METHOD_MATCH = YES;
				"CODE_SIGN_IDENTITY[sdk=iphoneos*]" = "iPhone Developer";
				COPY_PHASE_STRIP = YES;
				ENABLE_NS_ASSERTIONS = NO;
				ENABLE_STRICT_OBJC_MSGSEND = YES;
				GCC_C_LANGUAGE_STANDARD = gnu99;
				GCC_WARN_64_TO_32_BIT_CONVERSION = YES;
				GCC_WARN_ABOUT_RETURN_TYPE = YES_ERROR;
				GCC_WARN_UNDECLARED_SELECTOR = YES;
				GCC_WARN_UNINITIALIZED_AUTOS = YES_AGGRESSIVE;
				GCC_WARN_UNUSED_FUNCTION = YES;
				GCC_WARN_UNUSED_VARIABLE = YES;
				IPHONEOS_DEPLOYMENT_TARGET = 8.1;
				MTL_ENABLE_DEBUG_INFO = NO;
				SDKROOT = iphoneos;
				VALIDATE_PRODUCT = YES;
			};
			name = Release;
		};
		26F2E6071A920B350024B4C7 /* Debug */ = {
			isa = XCBuildConfiguration;
			buildSettings = {
				ASSETCATALOG_COMPILER_APPICON_NAME = AppIcon;
				INFOPLIST_FILE = TableviewCells/Info.plist;
				LD_RUNPATH_SEARCH_PATHS = "$(inherited) @executable_path/Frameworks";
				PRODUCT_NAME = "$(TARGET_NAME)";
			};
			name = Debug;
		};
		26F2E6081A920B350024B4C7 /* Release */ = {
			isa = XCBuildConfiguration;
			buildSettings = {
				ASSETCATALOG_COMPILER_APPICON_NAME = AppIcon;
				INFOPLIST_FILE = TableviewCells/Info.plist;
				LD_RUNPATH_SEARCH_PATHS = "$(inherited) @executable_path/Frameworks";
				PRODUCT_NAME = "$(TARGET_NAME)";
			};
			name = Release;
		};
		26F2E60A1A920B350024B4C7 /* Debug */ = {
			isa = XCBuildConfiguration;
			buildSettings = {
				BUNDLE_LOADER = "$(TEST_HOST)";
				FRAMEWORK_SEARCH_PATHS = (
					"$(SDKROOT)/Developer/Library/Frameworks",
					"$(inherited)",
				);
				GCC_PREPROCESSOR_DEFINITIONS = (
					"DEBUG=1",
					"$(inherited)",
				);
				INFOPLIST_FILE = TableviewCellsTests/Info.plist;
				LD_RUNPATH_SEARCH_PATHS = "$(inherited) @executable_path/Frameworks @loader_path/Frameworks";
				PRODUCT_NAME = "$(TARGET_NAME)";
				TEST_HOST = "$(BUILT_PRODUCTS_DIR)/TableviewCells.app/TableviewCells";
			};
			name = Debug;
		};
		26F2E60B1A920B350024B4C7 /* Release */ = {
			isa = XCBuildConfiguration;
			buildSettings = {
				BUNDLE_LOADER = "$(TEST_HOST)";
				FRAMEWORK_SEARCH_PATHS = (
					"$(SDKROOT)/Developer/Library/Frameworks",
					"$(inherited)",
				);
				INFOPLIST_FILE = TableviewCellsTests/Info.plist;
				LD_RUNPATH_SEARCH_PATHS = "$(inherited) @executable_path/Frameworks @loader_path/Frameworks";
				PRODUCT_NAME = "$(TARGET_NAME)";
				TEST_HOST = "$(BUILT_PRODUCTS_DIR)/TableviewCells.app/TableviewCells";
			};
			name = Release;
		};
/* End XCBuildConfiguration section */

/* Begin XCConfigurationList section */
		26F2E5E21A920B340024B4C7 /* Build configuration list for PBXProject "TableviewCells" */ = {
			isa = XCConfigurationList;
			buildConfigurations = (
				26F2E6041A920B350024B4C7 /* Debug */,
				26F2E6051A920B350024B4C7 /* Release */,
			);
			defaultConfigurationIsVisible = 0;
			defaultConfigurationName = Release;
		};
		26F2E6061A920B350024B4C7 /* Build configuration list for PBXNativeTarget "TableviewCells" */ = {
			isa = XCConfigurationList;
			buildConfigurations = (
				26F2E6071A920B350024B4C7 /* Debug */,
				26F2E6081A920B350024B4C7 /* Release */,
			);
			defaultConfigurationIsVisible = 0;
		};
		26F2E6091A920B350024B4C7 /* Build configuration list for PBXNativeTarget "TableviewCellsTests" */ = {
			isa = XCConfigurationList;
			buildConfigurations = (
				26F2E60A1A920B350024B4C7 /* Debug */,
				26F2E60B1A920B350024B4C7 /* Release */,
			);
			defaultConfigurationIsVisible = 0;
		};
/* End XCConfigurationList section */
	};
	rootObject = 26F2E5DF1A920B340024B4C7 /* Project object */;
}
